{
	"name": "qiming-app",
	"lockfileVersion": 3,
	"requires": true,
	"packages": {
		"": {
			"dependencies": {
				"dayjs": "^1.11.10",
				"hela-pay": "file:hela-pay-2.0.3.tar.gz",
				"js-calendar-converter": "^0.0.6"
			}
		},
		"node_modules/dayjs": {
			"version": "1.11.10",
			"resolved": "https://registry.npmmirror.com/dayjs/-/dayjs-1.11.10.tgz",
			"integrity": "sha512-vjAczensTgRcqDERK0SR2XMwsF/tSvnvlv6VcF2GIhg6Sx4yOIt/irsr1RDJsKiIyBzJDpCoXiWWq28MqH2cnQ=="
		},
		"node_modules/hela-pay": {
			"version": "2.0.3",
			"resolved": "file:hela-pay-2.0.3.tar.gz",
			"integrity": "sha512-pHGBOS+wXaQCOO083D++Im79IS/6kYsiXcFy+YZRte1jiJjy7mClKFBRxufozbEiZl8amI4fm6woxBd+ThGAuw=="
		},
		"node_modules/js-calendar-converter": {
			"version": "0.0.6",
			"resolved": "https://registry.npmmirror.com/js-calendar-converter/-/js-calendar-converter-0.0.6.tgz",
			"integrity": "sha512-0TRHm2jaGRAbXd1sKvzHSW3hB+oqo2h6EAHMAPpuEj0WYic+KWgsA+41PnNx03ggyGTAHx29diDqFxqHFctAGg=="
		}
	}
}
